<?xml version="1.0" encoding="utf-8"?>
<Project ToolsVersion="4.0" xmlns="http://schemas.microsoft.com/developer/msbuild/2003">
  <ItemGroup>
    <ClInclude Include="..\BasisFluid\Source\Application.h" />
    <ClInclude Include="..\BasisFluid\Source\VectorField2D.h" />
    <ClInclude Include="..\BasisFluid\Source\DataBuffer2D.h" />
    <ClInclude Include="..\BasisFluid\Source\DataBuffer1D.h" />
    <ClInclude Include="..\BasisFluid\Source\GridData2D.h" />
  </ItemGroup>
  <ItemGroup>
    <ClCompile Include="..\BasisFluid\Source\Main.cpp" />
    <ClCompile Include="..\BasisFluid\Source\SimulationStep.cpp" />
    <ClCompile Include="..\BasisFluid\Source\Draw.cpp" />
    <ClCompile Include="..\BasisFluid\Source\Run.cpp" />
    <ClCompile Include="..\BasisFluid\Source\Init.cpp" />
    <ClCompile Include="..\BasisFluid\Source\Init_Obstacles.cpp" />
    <ClCompile Include="..\BasisFluid\Source\Init_DataBuffers.cpp" />
    <ClCompile Include="..\BasisFluid\Source\Init_ComputeShaders.cpp" />
    <ClCompile Include="..\BasisFluid\Source\Init_BasisFlows.cpp" />
    <ClCompile Include="..\BasisFluid\Source\VectorField2D.cpp" />
    <ClCompile Include="..\BasisFluid\Source\DataBuffer2D.tpp" />
    <ClCompile Include="..\BasisFluid\Source\DataBuffer1D.tpp" />
    <ClCompile Include="..\BasisFluid\Source\GridData2D.tpp" />
  </ItemGroup>
</Project>